// !$*UTF8*$!
{
	archiveVersion = 1;
	classes = {
	};
	objectVersion = 56;
	objects = {

/* Begin PBXBuildFile section */
		9C2304B830091C35008D0ABF /* ErrorView.swift in Sources */ = {isa = PBXBuildFile; fileRef = 9C2304B730091C2E008D0ABF /* ErrorView.swift */; };
		9C2304BD30093174008D0ABF /* TaskListViewModel.swift in Sources */ = {isa = PBXBuildFile; fileRef = 9C2304BC30093164008D0ABF /* TaskListViewModel.swift */; };
		9C46C07F3006F46F0097B888 /* AppCoordinator.swift in Sources */ = {isa = PBXBuildFile; fileRef = 9C46C07E3006F46F0097B888 /* AppCoordinator.swift */; };
		9C46C0813006F5050097B888 /* MapCoordinator.swift in Sources */ = {isa = PBXBuildFile; fileRef = 9C46C0803006F5050097B888 /* MapCoordinator.swift */; };
		9C46C0833006F5B70097B888 /* CommunityCoordinator.swift in Sources */ = {isa = PBXBuildFile; fileRef = 9C46C0823006F5AC0097B888 /* CommunityCoordinator.swift */; };
		9C46C0853006F5CC0097B888 /* HomeCoordinator.swift in Sources */ = {isa = PBXBuildFile; fileRef = 9C46C0843006F5C00097B888 /* HomeCoordinator.swift */; };
		9C46C0873006F6370097B888 /* ProfileCoordinator.swift in Sources */ = {isa = PBXBuildFile; fileRef = 9C46C0863006F6300097B888 /* ProfileCoordinator.swift */; };
		9C46C0903006FD750097B888 /* OnboardingCoordinator.swift in Sources */ = {isa = PBXBuildFile; fileRef = 9C46C08F3006FD710097B888 /* OnboardingCoordinator.swift */; };
		9C46C0923006FDAD0097B888 /* MainTabCoordinator.swift in Sources */ = {isa = PBXBuildFile; fileRef = 9C46C0913006FDAA0097B888 /* MainTabCoordinator.swift */; };
		9C46C0963006FF720097B888 /* CuriositiesCoordinator.swift in Sources */ = {isa = PBXBuildFile; fileRef = 9C46C0953006FF680097B888 /* CuriositiesCoordinator.swift */; };
		9C46C09A3007018B0097B888 /* RootView.swift in Sources */ = {isa = PBXBuildFile; fileRef = 9C46C099300701870097B888 /* RootView.swift */; };
		9C46C0A23007041A0097B888 /* OnboardingViewModel.swift in Sources */ = {isa = PBXBuildFile; fileRef = 9C46C0A1300704140097B888 /* OnboardingViewModel.swift */; };
		9C46C0A6300704C20097B888 /* MainTabView.swift in Sources */ = {isa = PBXBuildFile; fileRef = 9C46C0A5300704BC0097B888 /* MainTabView.swift */; };
		9C46C0A8300706210097B888 /* HomeViewModel.swift in Sources */ = {isa = PBXBuildFile; fileRef = 9C46C0A73007061D0097B888 /* HomeViewModel.swift */; };
		9C46C0AA3007063B0097B888 /* CuriositiesView.swift in Sources */ = {isa = PBXBuildFile; fileRef = 9C46C0A9300706340097B888 /* CuriositiesView.swift */; };
		9C46C0AC300706570097B888 /* ConfigurationView.swift in Sources */ = {isa = PBXBuildFile; fileRef = 9C46C0AB300706530097B888 /* ConfigurationView.swift */; };
		9C46C0AF300707760097B888 /* ProfileViewModel.swift in Sources */ = {isa = PBXBuildFile; fileRef = 9C46C0AE300707720097B888 /* ProfileViewModel.swift */; };
		9C46C0B1300707BB0097B888 /* ProfileView.swift in Sources */ = {isa = PBXBuildFile; fileRef = 9C46C0B0300707A60097B888 /* ProfileView.swift */; };
		9C46C0B3300707EE0097B888 /* ConfigurationViewModel.swift in Sources */ = {isa = PBXBuildFile; fileRef = 9C46C0B2300707E60097B888 /* ConfigurationViewModel.swift */; };
		9C46C0B530070C470097B888 /* OnboardingView.swift in Sources */ = {isa = PBXBuildFile; fileRef = 9C46C0B430070C3E0097B888 /* OnboardingView.swift */; };
		9C46C0B730070EB10097B888 /* ProfilePost.swift in Sources */ = {isa = PBXBuildFile; fileRef = 9C46C0B630070EAD0097B888 /* ProfilePost.swift */; };
		9C46C0B930070EE00097B888 /* ProfilePostService.swift in Sources */ = {isa = PBXBuildFile; fileRef = 9C46C0B830070EDA0097B888 /* ProfilePostService.swift */; };
		9C46C0BB30070F1A0097B888 /* ProfilePostRowView.swift in Sources */ = {isa = PBXBuildFile; fileRef = 9C46C0BA30070F0C0097B888 /* ProfilePostRowView.swift */; };
		9C51C0882E54F2C700B918D7 /* ContainerView.swift in Sources */ = {isa = PBXBuildFile; fileRef = 9C51C0872E54F2C700B918D7 /* ContainerView.swift */; };
		9C51C08A2E54F35500B918D7 /* RaisedButton.swift in Sources */ = {isa = PBXBuildFile; fileRef = 9C51C0892E54F35500B918D7 /* RaisedButton.swift */; };
		9C51C08C2E54F48C00B918D7 /* EmbossedButtonStyle.swift in Sources */ = {isa = PBXBuildFile; fileRef = 9C51C08B2E54F48C00B918D7 /* EmbossedButtonStyle.swift */; };
		9C7573B32E4E0A0A00C853DB /* HomeView.swift in Sources */ = {isa = PBXBuildFile; fileRef = 9C7573B22E4E0A0A00C853DB /* HomeView.swift */; };
		9C7573B82E4E0C1200C853DB /* OnboardingSlideModel.swift in Sources */ = {isa = PBXBuildFile; fileRef = 9C7573B72E4E0C1200C853DB /* OnboardingSlideModel.swift */; };
		9C85DFAA2E0348BE00C82977 /* KlingtApp.swift in Sources */ = {isa = PBXBuildFile; fileRef = 9C85DFA92E0348BE00C82977 /* KlingtApp.swift */; };
		9C85DFAE2E0348C700C82977 /* Assets.xcassets in Resources */ = {isa = PBXBuildFile; fileRef = 9C85DFAD2E0348C700C82977 /* Assets.xcassets */; };
		9C85DFB12E0348C700C82977 /* Preview Assets.xcassets in Resources */ = {isa = PBXBuildFile; fileRef = 9C85DFB02E0348C700C82977 /* Preview Assets.xcassets */; };
		9C85DFB32E0348C700C82977 /* Persistence.swift in Sources */ = {isa = PBXBuildFile; fileRef = 9C85DFB22E0348C700C82977 /* Persistence.swift */; };
		9C85DFB62E0348C700C82977 /* Klingt.xcdatamodeld in Sources */ = {isa = PBXBuildFile; fileRef = 9C85DFB42E0348C700C82977 /* Klingt.xcdatamodeld */; };
		9CCCE7742E4CD9540037BED6 /* ChatHistoryView.swift in Sources */ = {isa = PBXBuildFile; fileRef = 9CCCE7732E4CD9540037BED6 /* ChatHistoryView.swift */; };
		9CCCE7772E4CDB660037BED6 /* ImageExtension.swift in Sources */ = {isa = PBXBuildFile; fileRef = 9CCCE7762E4CDB660037BED6 /* ImageExtension.swift */; };
		9CD27A6C3008343300FC0724 /* Resource.swift in Sources */ = {isa = PBXBuildFile; fileRef = 9CD27A6B3008342E00FC0724 /* Resource.swift */; };
		9CD27A6E3008348100FC0724 /* CommunityPost.swift in Sources */ = {isa = PBXBuildFile; fileRef = 9CD27A6D3008347600FC0724 /* CommunityPost.swift */; };
		9CD27A71300834D300FC0724 /* HomeTask.swift in Sources */ = {isa = PBXBuildFile; fileRef = 9CD27A70300834C800FC0724 /* HomeTask.swift */; };
		9CD27A733008351300FC0724 /* ResourceService.swift in Sources */ = {isa = PBXBuildFile; fileRef = 9CD27A723008350800FC0724 /* ResourceService.swift */; };
		9CD27A753008353700FC0724 /* CommunityService.swift in Sources */ = {isa = PBXBuildFile; fileRef = 9CD27A743008353100FC0724 /* CommunityService.swift */; };
		9CD27A773008356300FC0724 /* HomeTaskService.swift in Sources */ = {isa = PBXBuildFile; fileRef = 9CD27A763008355D00FC0724 /* HomeTaskService.swift */; };
		9CD27A7930084D8D00FC0724 /* TaskListView.swift in Sources */ = {isa = PBXBuildFile; fileRef = 9CD27A7830084D8700FC0724 /* TaskListView.swift */; };
		9CD27A7C30084DC300FC0724 /* MapViewModel.swift in Sources */ = {isa = PBXBuildFile; fileRef = 9CD27A7B30084DBD00FC0724 /* MapViewModel.swift */; };
		9CD27A7F30084DF400FC0724 /* MapView.swift in Sources */ = {isa = PBXBuildFile; fileRef = 9CD27A7E30084DEF00FC0724 /* MapView.swift */; };
		9CD27A8130084E1600FC0724 /* ResourceDetailView.swift in Sources */ = {isa = PBXBuildFile; fileRef = 9CD27A8030084E1300FC0724 /* ResourceDetailView.swift */; };
		9CD27A8330084EED00FC0724 /* CommunityViewModel.swift in Sources */ = {isa = PBXBuildFile; fileRef = 9CD27A8230084EEB00FC0724 /* CommunityViewModel.swift */; };
		9CD27A8530084F1300FC0724 /* CommunityView.swift in Sources */ = {isa = PBXBuildFile; fileRef = 9CD27A8430084F0B00FC0724 /* CommunityView.swift */; };
		9CD27A8730084F5700FC0724 /* PostDetailView.swift in Sources */ = {isa = PBXBuildFile; fileRef = 9CD27A8630084F4E00FC0724 /* PostDetailView.swift */; };
		9CD27A8930085D4C00FC0724 /* SettingsViewModel.swift in Sources */ = {isa = PBXBuildFile; fileRef = 9CD27A8830085D4200FC0724 /* SettingsViewModel.swift */; };
		9CD27A8B30085D6900FC0724 /* SettingsView.swift in Sources */ = {isa = PBXBuildFile; fileRef = 9CD27A8A30085D6300FC0724 /* SettingsView.swift */; };
		9CE5C6FE3007BE67005112DA /* OnboardingScenario.swift in Sources */ = {isa = PBXBuildFile; fileRef = 9CE5C6FD3007BE5E005112DA /* OnboardingScenario.swift */; };
		9CE5C7083007C55B005112DA /* OnboardingSlideView.swift in Sources */ = {isa = PBXBuildFile; fileRef = 9CE5C7073007C55B005112DA /* OnboardingSlideView.swift */; };
		9CE5C70A3007C5EC005112DA /* HeaderView.swift in Sources */ = {isa = PBXBuildFile; fileRef = 9CE5C7093007C5EC005112DA /* HeaderView.swift */; };
/* End PBXBuildFile section */

/* Begin PBXFileReference section */
		9C2304B730091C2E008D0ABF /* ErrorView.swift */ = {isa = PBXFileReference; lastKnownFileType = sourcecode.swift; path = ErrorView.swift; sourceTree = "<group>"; };
		9C2304BC30093164008D0ABF /* TaskListViewModel.swift */ = {isa = PBXFileReference; lastKnownFileType = sourcecode.swift; path = TaskListViewModel.swift; sourceTree = "<group>"; };
		9C46C07E3006F46F0097B888 /* AppCoordinator.swift */ = {isa = PBXFileReference; lastKnownFileType = sourcecode.swift; path = AppCoordinator.swift; sourceTree = "<group>"; };
		9C46C0803006F5050097B888 /* MapCoordinator.swift */ = {isa = PBXFileReference; lastKnownFileType = sourcecode.swift; path = MapCoordinator.swift; sourceTree = "<group>"; };
		9C46C0823006F5AC0097B888 /* CommunityCoordinator.swift */ = {isa = PBXFileReference; lastKnownFileType = sourcecode.swift; path = CommunityCoordinator.swift; sourceTree = "<group>"; };
		9C46C0843006F5C00097B888 /* HomeCoordinator.swift */ = {isa = PBXFileReference; lastKnownFileType = sourcecode.swift; path = HomeCoordinator.swift; sourceTree = "<group>"; };
		9C46C0863006F6300097B888 /* ProfileCoordinator.swift */ = {isa = PBXFileReference; lastKnownFileType = sourcecode.swift; path = ProfileCoordinator.swift; sourceTree = "<group>"; };
		9C46C08F3006FD710097B888 /* OnboardingCoordinator.swift */ = {isa = PBXFileReference; lastKnownFileType = sourcecode.swift; path = OnboardingCoordinator.swift; sourceTree = "<group>"; };
		9C46C0913006FDAA0097B888 /* MainTabCoordinator.swift */ = {isa = PBXFileReference; lastKnownFileType = sourcecode.swift; path = MainTabCoordinator.swift; sourceTree = "<group>"; };
		9C46C0953006FF680097B888 /* CuriositiesCoordinator.swift */ = {isa = PBXFileReference; lastKnownFileType = sourcecode.swift; path = CuriositiesCoordinator.swift; sourceTree = "<group>"; };
		9C46C099300701870097B888 /* RootView.swift */ = {isa = PBXFileReference; lastKnownFileType = sourcecode.swift; path = RootView.swift; sourceTree = "<group>"; };
		9C46C0A1300704140097B888 /* OnboardingViewModel.swift */ = {isa = PBXFileReference; lastKnownFileType = sourcecode.swift; path = OnboardingViewModel.swift; sourceTree = "<group>"; };
		9C46C0A5300704BC0097B888 /* MainTabView.swift */ = {isa = PBXFileReference; lastKnownFileType = sourcecode.swift; path = MainTabView.swift; sourceTree = "<group>"; };
		9C46C0A73007061D0097B888 /* HomeViewModel.swift */ = {isa = PBXFileReference; lastKnownFileType = sourcecode.swift; path = HomeViewModel.swift; sourceTree = "<group>"; };
		9C46C0A9300706340097B888 /* CuriositiesView.swift */ = {isa = PBXFileReference; lastKnownFileType = sourcecode.swift; path = CuriositiesView.swift; sourceTree = "<group>"; };
		9C46C0AB300706530097B888 /* ConfigurationView.swift */ = {isa = PBXFileReference; lastKnownFileType = sourcecode.swift; path = ConfigurationView.swift; sourceTree = "<group>"; };
		9C46C0AE300707720097B888 /* ProfileViewModel.swift */ = {isa = PBXFileReference; lastKnownFileType = sourcecode.swift; path = ProfileViewModel.swift; sourceTree = "<group>"; };
		9C46C0B0300707A60097B888 /* ProfileView.swift */ = {isa = PBXFileReference; lastKnownFileType = sourcecode.swift; path = ProfileView.swift; sourceTree = "<group>"; };
		9C46C0B2300707E60097B888 /* ConfigurationViewModel.swift */ = {isa = PBXFileReference; lastKnownFileType = sourcecode.swift; path = ConfigurationViewModel.swift; sourceTree = "<group>"; };
		9C46C0B430070C3E0097B888 /* OnboardingView.swift */ = {isa = PBXFileReference; lastKnownFileType = sourcecode.swift; path = OnboardingView.swift; sourceTree = "<group>"; };
		9C46C0B630070EAD0097B888 /* ProfilePost.swift */ = {isa = PBXFileReference; lastKnownFileType = sourcecode.swift; path = ProfilePost.swift; sourceTree = "<group>"; };
		9C46C0B830070EDA0097B888 /* ProfilePostService.swift */ = {isa = PBXFileReference; lastKnownFileType = sourcecode.swift; path = ProfilePostService.swift; sourceTree = "<group>"; };
		9C46C0BA30070F0C0097B888 /* ProfilePostRowView.swift */ = {isa = PBXFileReference; lastKnownFileType = sourcecode.swift; path = ProfilePostRowView.swift; sourceTree = "<group>"; };
		9C51C0872E54F2C700B918D7 /* ContainerView.swift */ = {isa = PBXFileReference; lastKnownFileType = sourcecode.swift; path = ContainerView.swift; sourceTree = "<group>"; };
		9C51C0892E54F35500B918D7 /* RaisedButton.swift */ = {isa = PBXFileReference; lastKnownFileType = sourcecode.swift; path = RaisedButton.swift; sourceTree = "<group>"; };
		9C51C08B2E54F48C00B918D7 /* EmbossedButtonStyle.swift */ = {isa = PBXFileReference; lastKnownFileType = sourcecode.swift; path = EmbossedButtonStyle.swift; sourceTree = "<group>"; };
		9C7573B22E4E0A0A00C853DB /* HomeView.swift */ = {isa = PBXFileReference; lastKnownFileType = sourcecode.swift; path = HomeView.swift; sourceTree = "<group>"; };
		9C7573B72E4E0C1200C853DB /* OnboardingSlideModel.swift */ = {isa = PBXFileReference; lastKnownFileType = sourcecode.swift; path = OnboardingSlideModel.swift; sourceTree = "<group>"; };
		9C85DFA62E0348BE00C82977 /* Klingt.app */ = {isa = PBXFileReference; explicitFileType = wrapper.application; includeInIndex = 0; path = Klingt.app; sourceTree = BUILT_PRODUCTS_DIR; };
		9C85DFA92E0348BE00C82977 /* KlingtApp.swift */ = {isa = PBXFileReference; lastKnownFileType = sourcecode.swift; path = KlingtApp.swift; sourceTree = "<group>"; };
		9C85DFAD2E0348C700C82977 /* Assets.xcassets */ = {isa = PBXFileReference; lastKnownFileType = folder.assetcatalog; path = Assets.xcassets; sourceTree = "<group>"; };
		9C85DFB02E0348C700C82977 /* Preview Assets.xcassets */ = {isa = PBXFileReference; lastKnownFileType = folder.assetcatalog; path = "Preview Assets.xcassets"; sourceTree = "<group>"; };
		9C85DFB22E0348C700C82977 /* Persistence.swift */ = {isa = PBXFileReference; lastKnownFileType = sourcecode.swift; path = Persistence.swift; sourceTree = "<group>"; };
		9C85DFB52E0348C700C82977 /* Klingt.xcdatamodel */ = {isa = PBXFileReference; lastKnownFileType = wrapper.xcdatamodel; path = Klingt.xcdatamodel; sourceTree = "<group>"; };
		9CCCE7732E4CD9540037BED6 /* ChatHistoryView.swift */ = {isa = PBXFileReference; lastKnownFileType = sourcecode.swift; path = ChatHistoryView.swift; sourceTree = "<group>"; };
		9CCCE7762E4CDB660037BED6 /* ImageExtension.swift */ = {isa = PBXFileReference; lastKnownFileType = sourcecode.swift; path = ImageExtension.swift; sourceTree = "<group>"; };
		9CD27A6B3008342E00FC0724 /* Resource.swift */ = {isa = PBXFileReference; lastKnownFileType = sourcecode.swift; path = Resource.swift; sourceTree = "<group>"; };
		9CD27A6D3008347600FC0724 /* CommunityPost.swift */ = {isa = PBXFileReference; lastKnownFileType = sourcecode.swift; path = CommunityPost.swift; sourceTree = "<group>"; };
		9CD27A70300834C800FC0724 /* HomeTask.swift */ = {isa = PBXFileReference; lastKnownFileType = sourcecode.swift; path = HomeTask.swift; sourceTree = "<group>"; };
		9CD27A723008350800FC0724 /* ResourceService.swift */ = {isa = PBXFileReference; lastKnownFileType = sourcecode.swift; path = ResourceService.swift; sourceTree = "<group>"; };
		9CD27A743008353100FC0724 /* CommunityService.swift */ = {isa = PBXFileReference; lastKnownFileType = sourcecode.swift; path = CommunityService.swift; sourceTree = "<group>"; };
		9CD27A763008355D00FC0724 /* HomeTaskService.swift */ = {isa = PBXFileReference; lastKnownFileType = sourcecode.swift; path = HomeTaskService.swift; sourceTree = "<group>"; };
		9CD27A7830084D8700FC0724 /* TaskListView.swift */ = {isa = PBXFileReference; lastKnownFileType = sourcecode.swift; path = TaskListView.swift; sourceTree = "<group>"; };
		9CD27A7B30084DBD00FC0724 /* MapViewModel.swift */ = {isa = PBXFileReference; lastKnownFileType = sourcecode.swift; path = MapViewModel.swift; sourceTree = "<group>"; };
		9CD27A7E30084DEF00FC0724 /* MapView.swift */ = {isa = PBXFileReference; lastKnownFileType = sourcecode.swift; path = MapView.swift; sourceTree = "<group>"; };
		9CD27A8030084E1300FC0724 /* ResourceDetailView.swift */ = {isa = PBXFileReference; lastKnownFileType = sourcecode.swift; path = ResourceDetailView.swift; sourceTree = "<group>"; };
		9CD27A8230084EEB00FC0724 /* CommunityViewModel.swift */ = {isa = PBXFileReference; lastKnownFileType = sourcecode.swift; path = CommunityViewModel.swift; sourceTree = "<group>"; };
		9CD27A8430084F0B00FC0724 /* CommunityView.swift */ = {isa = PBXFileReference; lastKnownFileType = sourcecode.swift; path = CommunityView.swift; sourceTree = "<group>"; };
		9CD27A8630084F4E00FC0724 /* PostDetailView.swift */ = {isa = PBXFileReference; lastKnownFileType = sourcecode.swift; path = PostDetailView.swift; sourceTree = "<group>"; };
		9CD27A8830085D4200FC0724 /* SettingsViewModel.swift */ = {isa = PBXFileReference; lastKnownFileType = sourcecode.swift; path = SettingsViewModel.swift; sourceTree = "<group>"; };
		9CD27A8A30085D6300FC0724 /* SettingsView.swift */ = {isa = PBXFileReference; lastKnownFileType = sourcecode.swift; path = SettingsView.swift; sourceTree = "<group>"; };
		9CE5C6FD3007BE5E005112DA /* OnboardingScenario.swift */ = {isa = PBXFileReference; lastKnownFileType = sourcecode.swift; path = OnboardingScenario.swift; sourceTree = "<group>"; };
		9CE5C7073007C55B005112DA /* OnboardingSlideView.swift */ = {isa = PBXFileReference; lastKnownFileType = sourcecode.swift; path = OnboardingSlideView.swift; sourceTree = "<group>"; };
		9CE5C7093007C5EC005112DA /* HeaderView.swift */ = {isa = PBXFileReference; lastKnownFileType = sourcecode.swift; path = HeaderView.swift; sourceTree = "<group>"; };
/* End PBXFileReference section */

/* Begin PBXFrameworksBuildPhase section */
		9C85DFA32E0348BE00C82977 /* Frameworks */ = {
			isa = PBXFrameworksBuildPhase;
			buildActionMask = 2147483647;
			files = (
			);
			runOnlyForDeploymentPostprocessing = 0;
		};
/* End PBXFrameworksBuildPhase section */

/* Begin PBXGroup section */
		9C2304B630091BF8008D0ABF /* Error */ = {
			isa = PBXGroup;
			children = (
				9C2304B730091C2E008D0ABF /* ErrorView.swift */,
			);
			path = Error;
			sourceTree = "<group>";
		};
		9C46C07D3006F42A0097B888 /* Coordinators */ = {
			isa = PBXGroup;
			children = (
				9C46C0953006FF680097B888 /* CuriositiesCoordinator.swift */,
				9C46C0913006FDAA0097B888 /* MainTabCoordinator.swift */,
				9C46C08F3006FD710097B888 /* OnboardingCoordinator.swift */,
				9C46C0863006F6300097B888 /* ProfileCoordinator.swift */,
				9C46C0843006F5C00097B888 /* HomeCoordinator.swift */,
				9C46C0823006F5AC0097B888 /* CommunityCoordinator.swift */,
				9C46C0803006F5050097B888 /* MapCoordinator.swift */,
				9C46C07E3006F46F0097B888 /* AppCoordinator.swift */,
			);
			path = Coordinators;
			sourceTree = "<group>";
		};
		9C46C08E3006F8250097B888 /* App */ = {
			isa = PBXGroup;
			children = (
				9C46C099300701870097B888 /* RootView.swift */,
				9C85DFA92E0348BE00C82977 /* KlingtApp.swift */,
				9C85DFB22E0348C700C82977 /* Persistence.swift */,
			);
			path = App;
			sourceTree = "<group>";
		};
		9C46C09B3007033E0097B888 /* Features */ = {
			isa = PBXGroup;
			children = (
				9C2304B630091BF8008D0ABF /* Error */,
				9CD27A7A30084DB400FC0724 /* Map */,
				9CD27A6F3008349000FC0724 /* Community */,
				9CD27A6A3008342000FC0724 /* Resource */,
				9C46C0BC300712D70097B888 /* ChatHistory */,
				9C46C0AD3007076A0097B888 /* Profile */,
				9C46C0A0300703730097B888 /* Main */,
				9C46C09F3007036A0097B888 /* Configuration */,
				9C46C09E3007035F0097B888 /* Curiosities */,
				9C46C09D300703570097B888 /* Home */,
				9C46C09C3007034A0097B888 /* Onboarding */,
			);
			path = Features;
			sourceTree = "<group>";
		};
		9C46C09C3007034A0097B888 /* Onboarding */ = {
			isa = PBXGroup;
			children = (
				9CE5C7093007C5EC005112DA /* HeaderView.swift */,
				9CE5C7073007C55B005112DA /* OnboardingSlideView.swift */,
				9CE5C6FD3007BE5E005112DA /* OnboardingScenario.swift */,
				9C46C0B430070C3E0097B888 /* OnboardingView.swift */,
				9C46C0A1300704140097B888 /* OnboardingViewModel.swift */,
				9C7573B72E4E0C1200C853DB /* OnboardingSlideModel.swift */,
			);
			path = Onboarding;
			sourceTree = "<group>";
		};
		9C46C09D300703570097B888 /* Home */ = {
			isa = PBXGroup;
			children = (
				9C2304BC30093164008D0ABF /* TaskListViewModel.swift */,
				9CD27A7830084D8700FC0724 /* TaskListView.swift */,
				9CD27A763008355D00FC0724 /* HomeTaskService.swift */,
				9CD27A70300834C800FC0724 /* HomeTask.swift */,
				9C46C0A73007061D0097B888 /* HomeViewModel.swift */,
				9C7573B22E4E0A0A00C853DB /* HomeView.swift */,
			);
			path = Home;
			sourceTree = "<group>";
		};
		9C46C09E3007035F0097B888 /* Curiosities */ = {
			isa = PBXGroup;
			children = (
				9C46C0A9300706340097B888 /* CuriositiesView.swift */,
			);
			path = Curiosities;
			sourceTree = "<group>";
		};
		9C46C09F3007036A0097B888 /* Configuration */ = {
			isa = PBXGroup;
			children = (
				9C46C0B2300707E60097B888 /* ConfigurationViewModel.swift */,
				9C46C0AB300706530097B888 /* ConfigurationView.swift */,
			);
			path = Configuration;
			sourceTree = "<group>";
		};
		9C46C0A0300703730097B888 /* Main */ = {
			isa = PBXGroup;
			children = (
				9C46C0A5300704BC0097B888 /* MainTabView.swift */,
			);
			path = Main;
			sourceTree = "<group>";
		};
		9C46C0AD3007076A0097B888 /* Profile */ = {
			isa = PBXGroup;
			children = (
				9CD27A8A30085D6300FC0724 /* SettingsView.swift */,
				9CD27A8830085D4200FC0724 /* SettingsViewModel.swift */,
				9C46C0BA30070F0C0097B888 /* ProfilePostRowView.swift */,
				9C46C0B830070EDA0097B888 /* ProfilePostService.swift */,
				9C46C0B630070EAD0097B888 /* ProfilePost.swift */,
				9C46C0B0300707A60097B888 /* ProfileView.swift */,
				9C46C0AE300707720097B888 /* ProfileViewModel.swift */,
			);
			path = Profile;
			sourceTree = "<group>";
		};
		9C46C0BC300712D70097B888 /* ChatHistory */ = {
			isa = PBXGroup;
			children = (
				9CCCE7732E4CD9540037BED6 /* ChatHistoryView.swift */,
			);
			path = ChatHistory;
			sourceTree = "<group>";
		};
		9C51C0862E54F2B800B918D7 /* UIComponents */ = {
			isa = PBXGroup;
			children = (
				9C51C0872E54F2C700B918D7 /* ContainerView.swift */,
				9C51C0892E54F35500B918D7 /* RaisedButton.swift */,
				9C51C08B2E54F48C00B918D7 /* EmbossedButtonStyle.swift */,
			);
			path = UIComponents;
			sourceTree = "<group>";
		};
		9C85DF9D2E0348BE00C82977 = {
			isa = PBXGroup;
			children = (
				9C85DFA82E0348BE00C82977 /* Klingt */,
				9C85DFA72E0348BE00C82977 /* Products */,
			);
			sourceTree = "<group>";
		};
		9C85DFA72E0348BE00C82977 /* Products */ = {
			isa = PBXGroup;
			children = (
				9C85DFA62E0348BE00C82977 /* Klingt.app */,
			);
			name = Products;
			sourceTree = "<group>";
		};
		9C85DFA82E0348BE00C82977 /* Klingt */ = {
			isa = PBXGroup;
			children = (
				9C46C08E3006F8250097B888 /* App */,
				9C46C07D3006F42A0097B888 /* Coordinators */,
				9C46C09B3007033E0097B888 /* Features */,
				9CCCE7752E4CDB470037BED6 /* Utils */,
				9C51C0862E54F2B800B918D7 /* UIComponents */,
				9C85DFAD2E0348C700C82977 /* Assets.xcassets */,
				9C85DFB42E0348C700C82977 /* Klingt.xcdatamodeld */,
				9C85DFAF2E0348C700C82977 /* Preview Content */,
			);
			path = Klingt;
			sourceTree = "<group>";
		};
		9C85DFAF2E0348C700C82977 /* Preview Content */ = {
			isa = PBXGroup;
			children = (
				9C85DFB02E0348C700C82977 /* Preview Assets.xcassets */,
			);
			path = "Preview Content";
			sourceTree = "<group>";
		};
		9CCCE7752E4CDB470037BED6 /* Utils */ = {
			isa = PBXGroup;
			children = (
				9CCCE7762E4CDB660037BED6 /* ImageExtension.swift */,
			);
			path = Utils;
			sourceTree = "<group>";
		};
		9CD27A6A3008342000FC0724 /* Resource */ = {
			isa = PBXGroup;
			children = (
				9CD27A723008350800FC0724 /* ResourceService.swift */,
				9CD27A6B3008342E00FC0724 /* Resource.swift */,
			);
			path = Resource;
			sourceTree = "<group>";
		};
		9CD27A6F3008349000FC0724 /* Community */ = {
			isa = PBXGroup;
			children = (
				9CD27A8630084F4E00FC0724 /* PostDetailView.swift */,
				9CD27A8430084F0B00FC0724 /* CommunityView.swift */,
				9CD27A8230084EEB00FC0724 /* CommunityViewModel.swift */,
				9CD27A743008353100FC0724 /* CommunityService.swift */,
				9CD27A6D3008347600FC0724 /* CommunityPost.swift */,
			);
			path = Community;
			sourceTree = "<group>";
		};
		9CD27A7A30084DB400FC0724 /* Map */ = {
			isa = PBXGroup;
			children = (
				9CD27A8030084E1300FC0724 /* ResourceDetailView.swift */,
				9CD27A7E30084DEF00FC0724 /* MapView.swift */,
				9CD27A7B30084DBD00FC0724 /* MapViewModel.swift */,
			);
			path = Map;
			sourceTree = "<group>";
		};
/* End PBXGroup section */

/* Begin PBXNativeTarget section */
		9C85DFA52E0348BE00C82977 /* Klingt */ = {
			isa = PBXNativeTarget;
			buildConfigurationList = 9C85DFB92E0348C700C82977 /* Build configuration list for PBXNativeTarget "Klingt" */;
			buildPhases = (
				9C85DFA22E0348BE00C82977 /* Sources */,
				9C85DFA32E0348BE00C82977 /* Frameworks */,
				9C85DFA42E0348BE00C82977 /* Resources */,
			);
			buildRules = (
			);
			dependencies = (
			);
			name = Klingt;
			productName = Klingt;
			productReference = 9C85DFA62E0348BE00C82977 /* Klingt.app */;
			productType = "com.apple.product-type.application";
		};
/* End PBXNativeTarget section */

/* Begin PBXProject section */
		9C85DF9E2E0348BE00C82977 /* Project object */ = {
			isa = PBXProject;
			attributes = {
				BuildIndependentTargetsInParallel = 1;
				LastSwiftUpdateCheck = 1510;
				LastUpgradeCheck = 1510;
				TargetAttributes = {
					9C85DFA52E0348BE00C82977 = {
						CreatedOnToolsVersion = 15.1;
					};
				};
			};
			buildConfigurationList = 9C85DFA12E0348BE00C82977 /* Build configuration list for PBXProject "Klingt" */;
			compatibilityVersion = "Xcode 14.0";
			developmentRegion = en;
			hasScannedForEncodings = 0;
			knownRegions = (
				en,
				Base,
			);
			mainGroup = 9C85DF9D2E0348BE00C82977;
			productRefGroup = 9C85DFA72E0348BE00C82977 /* Products */;
			projectDirPath = "";
			projectRoot = "";
			targets = (
				9C85DFA52E0348BE00C82977 /* Klingt */,
			);
		};
/* End PBXProject section */

/* Begin PBXResourcesBuildPhase section */
		9C85DFA42E0348BE00C82977 /* Resources */ = {
			isa = PBXResourcesBuildPhase;
			buildActionMask = 2147483647;
			files = (
				9C85DFB12E0348C700C82977 /* Preview Assets.xcassets in Resources */,
				9C85DFAE2E0348C700C82977 /* Assets.xcassets in Resources */,
			);
			runOnlyForDeploymentPostprocessing = 0;
		};
/* End PBXResourcesBuildPhase section */

/* Begin PBXSourcesBuildPhase section */
		9C85DFA22E0348BE00C82977 /* Sources */ = {
			isa = PBXSourcesBuildPhase;
			buildActionMask = 2147483647;
			files = (
				9CD27A7C30084DC300FC0724 /* MapViewModel.swift in Sources */,
				9C85DFB62E0348C700C82977 /* Klingt.xcdatamodeld in Sources */,
				9C2304BD30093174008D0ABF /* TaskListViewModel.swift in Sources */,
				9C46C0B530070C470097B888 /* OnboardingView.swift in Sources */,
				9CD27A8730084F5700FC0724 /* PostDetailView.swift in Sources */,
				9CD27A6E3008348100FC0724 /* CommunityPost.swift in Sources */,
				9C46C0AC300706570097B888 /* ConfigurationView.swift in Sources */,
				9C46C0A8300706210097B888 /* HomeViewModel.swift in Sources */,
				9C46C0873006F6370097B888 /* ProfileCoordinator.swift in Sources */,
				9CE5C70A3007C5EC005112DA /* HeaderView.swift in Sources */,
				9C46C0BB30070F1A0097B888 /* ProfilePostRowView.swift in Sources */,
				9CE5C7083007C55B005112DA /* OnboardingSlideView.swift in Sources */,
				9C46C0A6300704C20097B888 /* MainTabView.swift in Sources */,
				9CD27A8330084EED00FC0724 /* CommunityViewModel.swift in Sources */,
				9CD27A753008353700FC0724 /* CommunityService.swift in Sources */,
				9CD27A8B30085D6900FC0724 /* SettingsView.swift in Sources */,
				9C46C07F3006F46F0097B888 /* AppCoordinator.swift in Sources */,
				9CD27A773008356300FC0724 /* HomeTaskService.swift in Sources */,
				9C46C09A3007018B0097B888 /* RootView.swift in Sources */,
				9C51C08C2E54F48C00B918D7 /* EmbossedButtonStyle.swift in Sources */,
				9C85DFB32E0348C700C82977 /* Persistence.swift in Sources */,
				9C46C0B930070EE00097B888 /* ProfilePostService.swift in Sources */,
				9C46C0833006F5B70097B888 /* CommunityCoordinator.swift in Sources */,
				9C7573B82E4E0C1200C853DB /* OnboardingSlideModel.swift in Sources */,
				9C46C0923006FDAD0097B888 /* MainTabCoordinator.swift in Sources */,
				9CCCE7742E4CD9540037BED6 /* ChatHistoryView.swift in Sources */,
				9C2304B830091C35008D0ABF /* ErrorView.swift in Sources */,
				9CE5C6FE3007BE67005112DA /* OnboardingScenario.swift in Sources */,
				9C46C0813006F5050097B888 /* MapCoordinator.swift in Sources */,
				9CD27A7F30084DF400FC0724 /* MapView.swift in Sources */,
				9C85DFAA2E0348BE00C82977 /* KlingtApp.swift in Sources */,
				9CD27A8530084F1300FC0724 /* CommunityView.swift in Sources */,
				9C46C0B3300707EE0097B888 /* ConfigurationViewModel.swift in Sources */,
				9C46C0963006FF720097B888 /* CuriositiesCoordinator.swift in Sources */,
				9C46C0AA3007063B0097B888 /* CuriositiesView.swift in Sources */,
				9CD27A71300834D300FC0724 /* HomeTask.swift in Sources */,
				9CCCE7772E4CDB660037BED6 /* ImageExtension.swift in Sources */,
				9C51C08A2E54F35500B918D7 /* RaisedButton.swift in Sources */,
				9CD27A8130084E1600FC0724 /* ResourceDetailView.swift in Sources */,
				9C46C0903006FD750097B888 /* OnboardingCoordinator.swift in Sources */,
				9C46C0B1300707BB0097B888 /* ProfileView.swift in Sources */,
				9CD27A6C3008343300FC0724 /* Resource.swift in Sources */,
				9CD27A733008351300FC0724 /* ResourceService.swift in Sources */,
				9CD27A7930084D8D00FC0724 /* TaskListView.swift in Sources */,
				9C7573B32E4E0A0A00C853DB /* HomeView.swift in Sources */,
				9C46C0A23007041A0097B888 /* OnboardingViewModel.swift in Sources */,
				9C46C0853006F5CC0097B888 /* HomeCoordinator.swift in Sources */,
				9C51C0882E54F2C700B918D7 /* ContainerView.swift in Sources */,
				9C46C0AF300707760097B888 /* ProfileViewModel.swift in Sources */,
				9C46C0B730070EB10097B888 /* ProfilePost.swift in Sources */,
				9CD27A8930085D4C00FC0724 /* SettingsViewModel.swift in Sources */,
			);
			runOnlyForDeploymentPostprocessing = 0;
		};
/* End PBXSourcesBuildPhase section */

/* Begin XCBuildConfiguration section */
		9C85DFB72E0348C700C82977 /* Debug */ = {
			isa = XCBuildConfiguration;
			buildSettings = {
				ALWAYS_SEARCH_USER_PATHS = NO;
				ASSETCATALOG_COMPILER_GENERATE_SWIFT_ASSET_SYMBOL_EXTENSIONS = YES;
				CLANG_ANALYZER_NONNULL = YES;
				CLANG_ANALYZER_NUMBER_OBJECT_CONVERSION = YES_AGGRESSIVE;
				CLANG_CXX_LANGUAGE_STANDARD = "gnu++20";
				CLANG_ENABLE_MODULES = YES;
				CLANG_ENABLE_OBJC_ARC = YES;
				CLANG_ENABLE_OBJC_WEAK = YES;
				CLANG_WARN_BLOCK_CAPTURE_AUTORELEASING = YES;
				CLANG_WARN_BOOL_CONVERSION = YES;
				CLANG_WARN_COMMA = YES;
				CLANG_WARN_CONSTANT_CONVERSION = YES;
				CLANG_WARN_DEPRECATED_OBJC_IMPLEMENTATIONS = YES;
				CLANG_WARN_DIRECT_OBJC_ISA_USAGE = YES_ERROR;
				CLANG_WARN_DOCUMENTATION_COMMENTS = YES;
				CLANG_WARN_EMPTY_BODY = YES;
				CLANG_WARN_ENUM_CONVERSION = YES;
				CLANG_WARN_INFINITE_RECURSION = YES;
				CLANG_WARN_INT_CONVERSION = YES;
				CLANG_WARN_NON_LITERAL_NULL_CONVERSION = YES;
				CLANG_WARN_OBJC_IMPLICIT_RETAIN_SELF = YES;
				CLANG_WARN_OBJC_LITERAL_CONVERSION = YES;
				CLANG_WARN_OBJC_ROOT_CLASS = YES_ERROR;
				CLANG_WARN_QUOTED_INCLUDE_IN_FRAMEWORK_HEADER = YES;
				CLANG_WARN_RANGE_LOOP_ANALYSIS = YES;
				CLANG_WARN_STRICT_PROTOTYPES = YES;
				CLANG_WARN_SUSPICIOUS_MOVE = YES;
				CLANG_WARN_UNGUARDED_AVAILABILITY = YES_AGGRESSIVE;
				CLANG_WARN_UNREACHABLE_CODE = YES;
				CLANG_WARN__DUPLICATE_METHOD_MATCH = YES;
				COPY_PHASE_STRIP = NO;
				DEBUG_INFORMATION_FORMAT = dwarf;
				ENABLE_STRICT_OBJC_MSGSEND = YES;
				ENABLE_TESTABILITY = YES;
				ENABLE_USER_SCRIPT_SANDBOXING = YES;
				GCC_C_LANGUAGE_STANDARD = gnu17;
				GCC_DYNAMIC_NO_PIC = NO;
				GCC_NO_COMMON_BLOCKS = YES;
				GCC_OPTIMIZATION_LEVEL = 0;
				GCC_PREPROCESSOR_DEFINITIONS = (
					"DEBUG=1",
					"$(inherited)",
				);
				GCC_WARN_64_TO_32_BIT_CONVERSION = YES;
				GCC_WARN_ABOUT_RETURN_TYPE = YES_ERROR;
				GCC_WARN_UNDECLARED_SELECTOR = YES;
				GCC_WARN_UNINITIALIZED_AUTOS = YES_AGGRESSIVE;
				GCC_WARN_UNUSED_FUNCTION = YES;
				GCC_WARN_UNUSED_VARIABLE = YES;
				IPHONEOS_DEPLOYMENT_TARGET = 17.2;
				LOCALIZATION_PREFERS_STRING_CATALOGS = YES;
				MTL_ENABLE_DEBUG_INFO = INCLUDE_SOURCE;
				MTL_FAST_MATH = YES;
				ONLY_ACTIVE_ARCH = YES;
				SDKROOT = iphoneos;
				SWIFT_ACTIVE_COMPILATION_CONDITIONS = "DEBUG $(inherited)";
				SWIFT_OPTIMIZATION_LEVEL = "-Onone";
			};
			name = Debug;
		};
		9C85DFB82E0348C700C82977 /* Release */ = {
			isa = XCBuildConfiguration;
			buildSettings = {
				ALWAYS_SEARCH_USER_PATHS = NO;
				ASSETCATALOG_COMPILER_GENERATE_SWIFT_ASSET_SYMBOL_EXTENSIONS = YES;
				CLANG_ANALYZER_NONNULL = YES;
				CLANG_ANALYZER_NUMBER_OBJECT_CONVERSION = YES_AGGRESSIVE;
				CLANG_CXX_LANGUAGE_STANDARD = "gnu++20";
				CLANG_ENABLE_MODULES = YES;
				CLANG_ENABLE_OBJC_ARC = YES;
				CLANG_ENABLE_OBJC_WEAK = YES;
				CLANG_WARN_BLOCK_CAPTURE_AUTORELEASING = YES;
				CLANG_WARN_BOOL_CONVERSION = YES;
				CLANG_WARN_COMMA = YES;
				CLANG_WARN_CONSTANT_CONVERSION = YES;
				CLANG_WARN_DEPRECATED_OBJC_IMPLEMENTATIONS = YES;
				CLANG_WARN_DIRECT_OBJC_ISA_USAGE = YES_ERROR;
				CLANG_WARN_DOCUMENTATION_COMMENTS = YES;
				CLANG_WARN_EMPTY_BODY = YES;
				CLANG_WARN_ENUM_CONVERSION = YES;
				CLANG_WARN_INFINITE_RECURSION = YES;
				CLANG_WARN_INT_CONVERSION = YES;
				CLANG_WARN_NON_LITERAL_NULL_CONVERSION = YES;
				CLANG_WARN_OBJC_IMPLICIT_RETAIN_SELF = YES;
				CLANG_WARN_OBJC_LITERAL_CONVERSION = YES;
				CLANG_WARN_OBJC_ROOT_CLASS = YES_ERROR;
				CLANG_WARN_QUOTED_INCLUDE_IN_FRAMEWORK_HEADER = YES;
				CLANG_WARN_RANGE_LOOP_ANALYSIS = YES;
				CLANG_WARN_STRICT_PROTOTYPES = YES;
				CLANG_WARN_SUSPICIOUS_MOVE = YES;
				CLANG_WARN_UNGUARDED_AVAILABILITY = YES_AGGRESSIVE;
				CLANG_WARN_UNREACHABLE_CODE = YES;
				CLANG_WARN__DUPLICATE_METHOD_MATCH = YES;
				COPY_PHASE_STRIP = NO;
				DEBUG_INFORMATION_FORMAT = "dwarf-with-dsym";
				ENABLE_NS_ASSERTIONS = NO;
				ENABLE_STRICT_OBJC_MSGSEND = YES;
				ENABLE_USER_SCRIPT_SANDBOXING = YES;
				GCC_C_LANGUAGE_STANDARD = gnu17;
				GCC_NO_COMMON_BLOCKS = YES;
				GCC_WARN_64_TO_32_BIT_CONVERSION = YES;
				GCC_WARN_ABOUT_RETURN_TYPE = YES_ERROR;
				GCC_WARN_UNDECLARED_SELECTOR = YES;
				GCC_WARN_UNINITIALIZED_AUTOS = YES_AGGRESSIVE;
				GCC_WARN_UNUSED_FUNCTION = YES;
				GCC_WARN_UNUSED_VARIABLE = YES;
				IPHONEOS_DEPLOYMENT_TARGET = 17.2;
				LOCALIZATION_PREFERS_STRING_CATALOGS = YES;
				MTL_ENABLE_DEBUG_INFO = NO;
				MTL_FAST_MATH = YES;
				SDKROOT = iphoneos;
				SWIFT_COMPILATION_MODE = wholemodule;
				VALIDATE_PRODUCT = YES;
			};
			name = Release;
		};
		9C85DFBA2E0348C700C82977 /* Debug */ = {
			isa = XCBuildConfiguration;
			buildSettings = {
				ASSETCATALOG_COMPILER_APPICON_NAME = AppIcon;
				ASSETCATALOG_COMPILER_GLOBAL_ACCENT_COLOR_NAME = AccentColor;
				CODE_SIGN_STYLE = Automatic;
				CURRENT_PROJECT_VERSION = 1;
				DEVELOPMENT_ASSET_PATHS = "\"Klingt/Preview Content\"";
				DEVELOPMENT_TEAM = CXX368N2R5;
				ENABLE_PREVIEWS = YES;
				GENERATE_INFOPLIST_FILE = YES;
				INFOPLIST_KEY_UIApplicationSceneManifest_Generation = YES;
				INFOPLIST_KEY_UIApplicationSupportsIndirectInputEvents = YES;
				INFOPLIST_KEY_UILaunchScreen_Generation = YES;
				INFOPLIST_KEY_UISupportedInterfaceOrientations_iPad = "UIInterfaceOrientationPortrait UIInterfaceOrientationPortraitUpsideDown UIInterfaceOrientationLandscapeLeft UIInterfaceOrientationLandscapeRight";
				INFOPLIST_KEY_UISupportedInterfaceOrientations_iPhone = "UIInterfaceOrientationPortrait UIInterfaceOrientationLandscapeLeft UIInterfaceOrientationLandscapeRight";
				LD_RUNPATH_SEARCH_PATHS = (
					"$(inherited)",
					"@executable_path/Frameworks",
				);
				MARKETING_VERSION = 1.0;
				PRODUCT_BUNDLE_IDENTIFIER = com.juansanchez.Klingt;
				PRODUCT_NAME = "$(TARGET_NAME)";
				SWIFT_EMIT_LOC_STRINGS = YES;
				SWIFT_VERSION = 5.0;
				TARGETED_DEVICE_FAMILY = "1,2";
			};
			name = Debug;
		};
		9C85DFBB2E0348C700C82977 /* Release */ = {
			isa = XCBuildConfiguration;
			buildSettings = {
				ASSETCATALOG_COMPILER_APPICON_NAME = AppIcon;
				ASSETCATALOG_COMPILER_GLOBAL_ACCENT_COLOR_NAME = AccentColor;
				CODE_SIGN_STYLE = Automatic;
				CURRENT_PROJECT_VERSION = 1;
				DEVELOPMENT_ASSET_PATHS = "\"Klingt/Preview Content\"";
				DEVELOPMENT_TEAM = CXX368N2R5;
				ENABLE_PREVIEWS = YES;
				GENERATE_INFOPLIST_FILE = YES;
				INFOPLIST_KEY_UIApplicationSceneManifest_Generation = YES;
				INFOPLIST_KEY_UIApplicationSupportsIndirectInputEvents = YES;
				INFOPLIST_KEY_UILaunchScreen_Generation = YES;
				INFOPLIST_KEY_UISupportedInterfaceOrientations_iPad = "UIInterfaceOrientationPortrait UIInterfaceOrientationPortraitUpsideDown UIInterfaceOrientationLandscapeLeft UIInterfaceOrientationLandscapeRight";
				INFOPLIST_KEY_UISupportedInterfaceOrientations_iPhone = "UIInterfaceOrientationPortrait UIInterfaceOrientationLandscapeLeft UIInterfaceOrientationLandscapeRight";
				LD_RUNPATH_SEARCH_PATHS = (
					"$(inherited)",
					"@executable_path/Frameworks",
				);
				MARKETING_VERSION = 1.0;
				PRODUCT_BUNDLE_IDENTIFIER = com.juansanchez.Klingt;
				PRODUCT_NAME = "$(TARGET_NAME)";
				SWIFT_EMIT_LOC_STRINGS = YES;
				SWIFT_VERSION = 5.0;
				TARGETED_DEVICE_FAMILY = "1,2";
			};
			name = Release;
		};
/* End XCBuildConfiguration section */

/* Begin XCConfigurationList section */
		9C85DFA12E0348BE00C82977 /* Build configuration list for PBXProject "Klingt" */ = {
			isa = XCConfigurationList;
			buildConfigurations = (
				9C85DFB72E0348C700C82977 /* Debug */,
				9C85DFB82E0348C700C82977 /* Release */,
			);
			defaultConfigurationIsVisible = 0;
			defaultConfigurationName = Release;
		};
		9C85DFB92E0348C700C82977 /* Build configuration list for PBXNativeTarget "Klingt" */ = {
			isa = XCConfigurationList;
			buildConfigurations = (
				9C85DFBA2E0348C700C82977 /* Debug */,
				9C85DFBB2E0348C700C82977 /* Release */,
			);
			defaultConfigurationIsVisible = 0;
			defaultConfigurationName = Release;
		};
/* End XCConfigurationList section */

/* Begin XCVersionGroup section */
		9C85DFB42E0348C700C82977 /* Klingt.xcdatamodeld */ = {
			isa = XCVersionGroup;
			children = (
				9C85DFB52E0348C700C82977 /* Klingt.xcdatamodel */,
			);
			currentVersion = 9C85DFB52E0348C700C82977 /* Klingt.xcdatamodel */;
			path = Klingt.xcdatamodeld;
			sourceTree = "<group>";
			versionGroupType = wrapper.xcdatamodel;
		};
/* End XCVersionGroup section */
	};
	rootObject = 9C85DF9E2E0348BE00C82977 /* Project object */;
}
